{
  "nodes": {
    "nixpkgs": {
      "locked": {
        "lastModified": 1783148766,
        "narHash": "sha256-uslt2pqShTIXDdAHRHv2QkYLsVdY8Oqwz0EA48/RSM8=",
        "rev": "a50de1b7d8a586adc18d2395c19de7d6058e6030",
        "revCount": 1008484,
        "type": "tarball",
        "url": "https://api.flakehub.com/f/pinned/NixOS/nixpkgs/0.2605.1008484%2Brev-a50de1b7d8a586adc18d2395c19de7d6058e6030/019f2e42-a67d-7ba0-bc6c-598449e6ade9/source.tar.gz"
      },
      "original": {
        "type": "tarball",
        "url": "https://flakehub.com/f/NixOS/nixpkgs/%2A"
      }
    },
    "root": {
      "inputs": {
        "nixpkgs": "nixpkgs",
        "rust-overlay": "rust-overlay"
      }
    },
    "rust-overlay": {
      "inputs": {
        "nixpkgs": [
          "nixpkgs"
        ]
      },
      "locked": {
        "lastModified": 1783231873,
        "narHash": "sha256-cTDI249Vl2JTQ3aicT9jeJPIBlNlodpJbdO0yLigCzU=",
        "rev": "cb368fd55ced25a1fa12414b9e984cdfb1681d18",
        "revCount": 2228,
        "type": "tarball",
        "url": "https://api.flakehub.com/f/pinned/oxalica/rust-overlay/0.1.2228%2Brev-cb368fd55ced25a1fa12414b9e984cdfb1681d18/019f30e8-e013-7b22-b8f2-81cc2734254d/source.tar.gz"
      },
      "original": {
        "type": "tarball",
        "url": "https://flakehub.com/f/oxalica/rust-overlay/%2A"
      }
    }
  },
  "root": "root",
  "version": 7
}
